<?xml version="1.0" encoding="utf-8"?>
<Project ToolsVersion="4.0" xmlns="http://schemas.microsoft.com/developer/msbuild/2003">
  <ItemGroup>
    <Filter Include="Source Files">
      <UniqueIdentifier>{4FC737F1-C7A5-4376-A066-2A32D752A2FF}</UniqueIdentifier>
      <Extensions>cpp;c;cc;cxx;c++;cppm;ixx;def;odl;idl;hpj;bat;asm;asmx</Extensions>
    </Filter>
    <Filter Include="Header Files">
      <UniqueIdentifier>{93995380-89BD-4b04-88EB-625FBE52EBFB}</UniqueIdentifier>
      <Extensions>h;hh;hpp;hxx;h++;hm;inl;inc;ipp;xsd</Extensions>
    </Filter>
    <Filter Include="Resource Files">
      <UniqueIdentifier>{67DA6AB6-F800-4c08-8B7A-83BB121AAD01}</UniqueIdentifier>
      <Extensions>rc;ico;cur;bmp;dlg;rc2;rct;bin;rgs;gif;jpg;jpeg;jpe;resx;tiff;tif;png;wav;mfcribbon-ms</Extensions>
    </Filter>
  </ItemGroup>
  <ItemGroup>
    <ClCompile Include="EngineMain.cpp">
      <Filter>Source Files</Filter>
    </ClCompile>
    <ClCompile Include="render\RManager.cpp">
      <Filter>Source Files</Filter>
    </ClCompile>
    <ClCompile Include="other\stb_image.cpp">
      <Filter>Source Files</Filter>
    </ClCompile>
    <ClCompile Include="render\RCamera.cpp">
      <Filter>Source Files</Filter>
    </ClCompile>
    <ClCompile Include="other\debug.cpp">
      <Filter>Source Files</Filter>
    </ClCompile>
    <ClCompile Include="other\glad.c">
      <Filter>Source Files</Filter>
    </ClCompile>
    <ClCompile Include="asset\AManager.cpp">
      <Filter>Source Files</Filter>
    </ClCompile>
    <ClCompile Include="asset\assets\model\AModel.cpp">
      <Filter>Source Files</Filter>
    </ClCompile>
    <ClCompile Include="asset\assets\model\AMesh.cpp">
      <Filter>Source Files</Filter>
    </ClCompile>
    <ClCompile Include="render\renderable_object\Mesh.cpp">
      <Filter>Source Files</Filter>
    </ClCompile>
    <ClCompile Include="asset\assets\AShader.cpp">
      <Filter>Source Files</Filter>
    </ClCompile>
    <ClCompile Include="asset\ARef.cpp">
      <Filter>Source Files</Filter>
    </ClCompile>
    <ClCompile Include="level\Unit.cpp">
      <Filter>Source Files</Filter>
    </ClCompile>
    <ClCompile Include="level\Component.cpp">
      <Filter>Source Files</Filter>
    </ClCompile>
    <ClCompile Include="render\RObject.cpp">
      <Filter>Source Files</Filter>
    </ClCompile>
  </ItemGroup>
  <ItemGroup>
    <ClInclude Include="render\RManager.h">
      <Filter>Header Files</Filter>
    </ClInclude>
    <ClInclude Include="other\math\matrix.h">
      <Filter>Header Files</Filter>
    </ClInclude>
    <ClInclude Include="other\math\vector.h">
      <Filter>Header Files</Filter>
    </ClInclude>
    <ClInclude Include="render\RCamera.h">
      <Filter>Header Files</Filter>
    </ClInclude>
    <ClInclude Include="level\LocatedObject.h">
      <Filter>Header Files</Filter>
    </ClInclude>
    <ClInclude Include="asset\AManager.h">
      <Filter>Header Files</Filter>
    </ClInclude>
    <ClInclude Include="asset\assets\model\AModel.h">
      <Filter>Header Files</Filter>
    </ClInclude>
    <ClInclude Include="asset\assets\model\AMesh.h">
      <Filter>Header Files</Filter>
    </ClInclude>
    <ClInclude Include="render\renderable_object\Mesh.h">
      <Filter>Header Files</Filter>
    </ClInclude>
    <ClInclude Include="asset\assets\AShader.h">
      <Filter>Header Files</Filter>
    </ClInclude>
    <ClInclude Include="asset\ARef.h">
      <Filter>Header Files</Filter>
    </ClInclude>
    <ClInclude Include="other\LinkedList.h">
      <Filter>Header Files</Filter>
    </ClInclude>
    <ClInclude Include="render\RObject.h">
      <Filter>Header Files</Filter>
    </ClInclude>
    <ClInclude Include="level\Unit.h">
      <Filter>Header Files</Filter>
    </ClInclude>
    <ClInclude Include="level\Component.h">
      <Filter>Header Files</Filter>
    </ClInclude>
  </ItemGroup>
</Project>